
Microsoft Visual Studio Solution File, Format Version 12.00
Project("{FAE04EC0-301F-11D3-BF4B-00C04F79EFBC}") = "EmailThreadDemo", "EmailThreadDemo\EmailThreadDemo.csproj", "{A43B5D78-D2FB-42D0-8DEB-B4995CBECA8A}"
EndProject
Project("{FAE04EC0-301F-11D3-BF4B-00C04F79EFBC}") = "EmailThreadTest", "EmailThreadTest\EmailThreadTest.csproj", "{312DE1E3-E02B-42D9-B83B-0C05203E9F16}"
EndProject
Global
	GlobalSection(SolutionConfigurationPlatforms) = preSolution
		Debug|Any CPU = Debug|Any CPU
		Release|Any CPU = Release|Any CPU
	EndGlobalSection
	GlobalSection(ProjectConfigurationPlatforms) = postSolution
		{A43B5D78-D2FB-42D0-8DEB-B4995CBECA8A}.Debug|Any CPU.ActiveCfg = Debug|Any CPU
		{A43B5D78-D2FB-42D0-8DEB-B4995CBECA8A}.Debug|Any CPU.Build.0 = Debug|Any CPU
		{A43B5D78-D2FB-42D0-8DEB-B4995CBECA8A}.Release|Any CPU.ActiveCfg = Release|Any CPU
		{A43B5D78-D2FB-42D0-8DEB-B4995CBECA8A}.Release|Any CPU.Build.0 = Release|Any CPU
		{312DE1E3-E02B-42D9-B83B-0C05203E9F16}.Debug|Any CPU.ActiveCfg = Debug|Any CPU
		{312DE1E3-E02B-42D9-B83B-0C05203E9F16}.Debug|Any CPU.Build.0 = Debug|Any CPU
		{312DE1E3-E02B-42D9-B83B-0C05203E9F16}.Release|Any CPU.ActiveCfg = Release|Any CPU
		{312DE1E3-E02B-42D9-B83B-0C05203E9F16}.Release|Any CPU.Build.0 = Release|Any CPU
	EndGlobalSection
EndGlobal
